// !$*UTF8*$!
{
	archiveVersion = 1;
	classes = {
	};
	objectVersion = 55;
	objects = {

/* Begin PBXBuildFile section */
		CB3DF30B27C5270400F5F2E4 /* BitcoinPriceApp.swift in Sources */ = {isa = PBXBuildFile; fileRef = CB3DF30A27C5270400F5F2E4 /* BitcoinPriceApp.swift */; };
		CB3DF30D27C5270400F5F2E4 /* BitcoinPriceView.swift in Sources */ = {isa = PBXBuildFile; fileRef = CB3DF30C27C5270400F5F2E4 /* BitcoinPriceView.swift */; };
		CB3DF30F27C5270600F5F2E4 /* Assets.xcassets in Resources */ = {isa = PBXBuildFile; fileRef = CB3DF30E27C5270600F5F2E4 /* Assets.xcassets */; };
		CB3DF31227C5270600F5F2E4 /* Preview Assets.xcassets in Resources */ = {isa = PBXBuildFile; fileRef = CB3DF31127C5270600F5F2E4 /* Preview Assets.xcassets */; };
		CB3DF31927C5296B00F5F2E4 /* PriceModel.swift in Sources */ = {isa = PBXBuildFile; fileRef = CB3DF31827C5296B00F5F2E4 /* PriceModel.swift */; };
		CB3DF31C27C52A7B00F5F2E4 /* PriceViewModel.swift in Sources */ = {isa = PBXBuildFile; fileRef = CB3DF31B27C52A7B00F5F2E4 /* PriceViewModel.swift */; };
		CB3DF31F27C5417C00F5F2E4 /* CoindeskAPIService.swift in Sources */ = {isa = PBXBuildFile; fileRef = CB3DF31E27C5417C00F5F2E4 /* CoindeskAPIService.swift */; };
/* End PBXBuildFile section */

/* Begin PBXFileReference section */
		CB3DF30727C5270400F5F2E4 /* BitcoinPrice.app */ = {isa = PBXFileReference; explicitFileType = wrapper.application; includeInIndex = 0; path = BitcoinPrice.app; sourceTree = BUILT_PRODUCTS_DIR; };
		CB3DF30A27C5270400F5F2E4 /* BitcoinPriceApp.swift */ = {isa = PBXFileReference; lastKnownFileType = sourcecode.swift; path = BitcoinPriceApp.swift; sourceTree = "<group>"; };
		CB3DF30C27C5270400F5F2E4 /* BitcoinPriceView.swift */ = {isa = PBXFileReference; lastKnownFileType = sourcecode.swift; path = BitcoinPriceView.swift; sourceTree = "<group>"; };
		CB3DF30E27C5270600F5F2E4 /* Assets.xcassets */ = {isa = PBXFileReference; lastKnownFileType = folder.assetcatalog; path = Assets.xcassets; sourceTree = "<group>"; };
		CB3DF31127C5270600F5F2E4 /* Preview Assets.xcassets */ = {isa = PBXFileReference; lastKnownFileType = folder.assetcatalog; path = "Preview Assets.xcassets"; sourceTree = "<group>"; };
		CB3DF31827C5296B00F5F2E4 /* PriceModel.swift */ = {isa = PBXFileReference; lastKnownFileType = sourcecode.swift; path = PriceModel.swift; sourceTree = "<group>"; };
		CB3DF31B27C52A7B00F5F2E4 /* PriceViewModel.swift */ = {isa = PBXFileReference; lastKnownFileType = sourcecode.swift; path = PriceViewModel.swift; sourceTree = "<group>"; };
		CB3DF31E27C5417C00F5F2E4 /* CoindeskAPIService.swift */ = {isa = PBXFileReference; lastKnownFileType = sourcecode.swift; path = CoindeskAPIService.swift; sourceTree = "<group>"; };
/* End PBXFileReference section */

/* Begin PBXFrameworksBuildPhase section */
		CB3DF30427C5270400F5F2E4 /* Frameworks */ = {
			isa = PBXFrameworksBuildPhase;
			buildActionMask = 2147483647;
			files = (
			);
			runOnlyForDeploymentPostprocessing = 0;
		};
/* End PBXFrameworksBuildPhase section */

/* Begin PBXGroup section */
		CB3DF2FE27C5270400F5F2E4 = {
			isa = PBXGroup;
			children = (
				CB3DF30927C5270400F5F2E4 /* BitcoinPrice */,
				CB3DF30827C5270400F5F2E4 /* Products */,
			);
			sourceTree = "<group>";
		};
		CB3DF30827C5270400F5F2E4 /* Products */ = {
			isa = PBXGroup;
			children = (
				CB3DF30727C5270400F5F2E4 /* BitcoinPrice.app */,
			);
			name = Products;
			sourceTree = "<group>";
		};
		CB3DF30927C5270400F5F2E4 /* BitcoinPrice */ = {
			isa = PBXGroup;
			children = (
				CB3DF30A27C5270400F5F2E4 /* BitcoinPriceApp.swift */,
				CB3DF32127C5501700F5F2E4 /* Views */,
				CB3DF30E27C5270600F5F2E4 /* Assets.xcassets */,
				CB3DF31027C5270600F5F2E4 /* Preview Content */,
				CB3DF31A27C5299C00F5F2E4 /* Models */,
				CB3DF31D27C52CBA00F5F2E4 /* ViewModels */,
				CB3DF32027C5500E00F5F2E4 /* Services */,
			);
			path = BitcoinPrice;
			sourceTree = "<group>";
		};
		CB3DF31027C5270600F5F2E4 /* Preview Content */ = {
			isa = PBXGroup;
			children = (
				CB3DF31127C5270600F5F2E4 /* Preview Assets.xcassets */,
			);
			path = "Preview Content";
			sourceTree = "<group>";
		};
		CB3DF31A27C5299C00F5F2E4 /* Models */ = {
			isa = PBXGroup;
			children = (
				CB3DF31827C5296B00F5F2E4 /* PriceModel.swift */,
			);
			path = Models;
			sourceTree = "<group>";
		};
		CB3DF31D27C52CBA00F5F2E4 /* ViewModels */ = {
			isa = PBXGroup;
			children = (
				CB3DF31B27C52A7B00F5F2E4 /* PriceViewModel.swift */,
			);
			path = ViewModels;
			sourceTree = "<group>";
		};
		CB3DF32027C5500E00F5F2E4 /* Services */ = {
			isa = PBXGroup;
			children = (
				CB3DF31E27C5417C00F5F2E4 /* CoindeskAPIService.swift */,
			);
			path = Services;
			sourceTree = "<group>";
		};
		CB3DF32127C5501700F5F2E4 /* Views */ = {
			isa = PBXGroup;
			children = (
				CB3DF30C27C5270400F5F2E4 /* BitcoinPriceView.swift */,
			);
			path = Views;
			sourceTree = "<group>";
		};
/* End PBXGroup section */

/* Begin PBXNativeTarget section */
		CB3DF30627C5270400F5F2E4 /* BitcoinPrice */ = {
			isa = PBXNativeTarget;
			buildConfigurationList = CB3DF31527C5270600F5F2E4 /* Build configuration list for PBXNativeTarget "BitcoinPrice" */;
			buildPhases = (
				CB3DF30327C5270400F5F2E4 /* Sources */,
				CB3DF30427C5270400F5F2E4 /* Frameworks */,
				CB3DF30527C5270400F5F2E4 /* Resources */,
			);
			buildRules = (
			);
			dependencies = (
			);
			name = BitcoinPrice;
			productName = BitcoinPrice;
			productReference = CB3DF30727C5270400F5F2E4 /* BitcoinPrice.app */;
			productType = "com.apple.product-type.application";
		};
/* End PBXNativeTarget section */

/* Begin PBXProject section */
		CB3DF2FF27C5270400F5F2E4 /* Project object */ = {
			isa = PBXProject;
			attributes = {
				BuildIndependentTargetsInParallel = 1;
				LastSwiftUpdateCheck = 1320;
				LastUpgradeCheck = 1320;
				TargetAttributes = {
					CB3DF30627C5270400F5F2E4 = {
						CreatedOnToolsVersion = 13.2.1;
					};
				};
			};
			buildConfigurationList = CB3DF30227C5270400F5F2E4 /* Build configuration list for PBXProject "BitcoinPrice" */;
			compatibilityVersion = "Xcode 13.0";
			developmentRegion = en;
			hasScannedForEncodings = 0;
			knownRegions = (
				en,
				Base,
			);
			mainGroup = CB3DF2FE27C5270400F5F2E4;
			productRefGroup = CB3DF30827C5270400F5F2E4 /* Products */;
			projectDirPath = "";
			projectRoot = "";
			targets = (
				CB3DF30627C5270400F5F2E4 /* BitcoinPrice */,
			);
		};
/* End PBXProject section */

/* Begin PBXResourcesBuildPhase section */
		CB3DF30527C5270400F5F2E4 /* Resources */ = {
			isa = PBXResourcesBuildPhase;
			buildActionMask = 2147483647;
			files = (
				CB3DF31227C5270600F5F2E4 /* Preview Assets.xcassets in Resources */,
				CB3DF30F27C5270600F5F2E4 /* Assets.xcassets in Resources */,
			);
			runOnlyForDeploymentPostprocessing = 0;
		};
/* End PBXResourcesBuildPhase section */

/* Begin PBXSourcesBuildPhase section */
		CB3DF30327C5270400F5F2E4 /* Sources */ = {
			isa = PBXSourcesBuildPhase;
			buildActionMask = 2147483647;
			files = (
				CB3DF31F27C5417C00F5F2E4 /* CoindeskAPIService.swift in Sources */,
				CB3DF30D27C5270400F5F2E4 /* BitcoinPriceView.swift in Sources */,
				CB3DF30B27C5270400F5F2E4 /* BitcoinPriceApp.swift in Sources */,
				CB3DF31C27C52A7B00F5F2E4 /* PriceViewModel.swift in Sources */,
				CB3DF31927C5296B00F5F2E4 /* PriceModel.swift in Sources */,
			);
			runOnlyForDeploymentPostprocessing = 0;
		};
/* End PBXSourcesBuildPhase section */

/* Begin XCBuildConfiguration section */
		CB3DF31327C5270600F5F2E4 /* Debug */ = {
			isa = XCBuildConfiguration;
			buildSettings = {
				ALWAYS_SEARCH_USER_PATHS = NO;
				CLANG_ANALYZER_NONNULL = YES;
				CLANG_ANALYZER_NUMBER_OBJECT_CONVERSION = YES_AGGRESSIVE;
				CLANG_CXX_LANGUAGE_STANDARD = "gnu++17";
				CLANG_CXX_LIBRARY = "libc++";
				CLANG_ENABLE_MODULES = YES;
				CLANG_ENABLE_OBJC_ARC = YES;
				CLANG_ENABLE_OBJC_WEAK = YES;
				CLANG_WARN_BLOCK_CAPTURE_AUTORELEASING = YES;
				CLANG_WARN_BOOL_CONVERSION = YES;
				CLANG_WARN_COMMA = YES;
				CLANG_WARN_CONSTANT_CONVERSION = YES;
				CLANG_WARN_DEPRECATED_OBJC_IMPLEMENTATIONS = YES;
				CLANG_WARN_DIRECT_OBJC_ISA_USAGE = YES_ERROR;
				CLANG_WARN_DOCUMENTATION_COMMENTS = YES;
				CLANG_WARN_EMPTY_BODY = YES;
				CLANG_WARN_ENUM_CONVERSION = YES;
				CLANG_WARN_INFINITE_RECURSION = YES;
				CLANG_WARN_INT_CONVERSION = YES;
				CLANG_WARN_NON_LITERAL_NULL_CONVERSION = YES;
				CLANG_WARN_OBJC_IMPLICIT_RETAIN_SELF = YES;
				CLANG_WARN_OBJC_LITERAL_CONVERSION = YES;
				CLANG_WARN_OBJC_ROOT_CLASS = YES_ERROR;
				CLANG_WARN_QUOTED_INCLUDE_IN_FRAMEWORK_HEADER = YES;
				CLANG_WARN_RANGE_LOOP_ANALYSIS = YES;
				CLANG_WARN_STRICT_PROTOTYPES = YES;
				CLANG_WARN_SUSPICIOUS_MOVE = YES;
				CLANG_WARN_UNGUARDED_AVAILABILITY = YES_AGGRESSIVE;
				CLANG_WARN_UNREACHABLE_CODE = YES;
				CLANG_WARN__DUPLICATE_METHOD_MATCH = YES;
				COPY_PHASE_STRIP = NO;
				DEBUG_INFORMATION_FORMAT = dwarf;
				ENABLE_STRICT_OBJC_MSGSEND = YES;
				ENABLE_TESTABILITY = YES;
				GCC_C_LANGUAGE_STANDARD = gnu11;
				GCC_DYNAMIC_NO_PIC = NO;
				GCC_NO_COMMON_BLOCKS = YES;
				GCC_OPTIMIZATION_LEVEL = 0;
				GCC_PREPROCESSOR_DEFINITIONS = (
					"DEBUG=1",
					"$(inherited)",
				);
				GCC_WARN_64_TO_32_BIT_CONVERSION = YES;
				GCC_WARN_ABOUT_RETURN_TYPE = YES_ERROR;
				GCC_WARN_UNDECLARED_SELECTOR = YES;
				GCC_WARN_UNINITIALIZED_AUTOS = YES_AGGRESSIVE;
				GCC_WARN_UNUSED_FUNCTION = YES;
				GCC_WARN_UNUSED_VARIABLE = YES;
				IPHONEOS_DEPLOYMENT_TARGET = 15.2;
				MTL_ENABLE_DEBUG_INFO = INCLUDE_SOURCE;
				MTL_FAST_MATH = YES;
				ONLY_ACTIVE_ARCH = YES;
				SDKROOT = iphoneos;
				SWIFT_ACTIVE_COMPILATION_CONDITIONS = DEBUG;
				SWIFT_OPTIMIZATION_LEVEL = "-Onone";
			};
			name = Debug;
		};
		CB3DF31427C5270600F5F2E4 /* Release */ = {
			isa = XCBuildConfiguration;
			buildSettings = {
				ALWAYS_SEARCH_USER_PATHS = NO;
				CLANG_ANALYZER_NONNULL = YES;
				CLANG_ANALYZER_NUMBER_OBJECT_CONVERSION = YES_AGGRESSIVE;
				CLANG_CXX_LANGUAGE_STANDARD = "gnu++17";
				CLANG_CXX_LIBRARY = "libc++";
				CLANG_ENABLE_MODULES = YES;
				CLANG_ENABLE_OBJC_ARC = YES;
				CLANG_ENABLE_OBJC_WEAK = YES;
				CLANG_WARN_BLOCK_CAPTURE_AUTORELEASING = YES;
				CLANG_WARN_BOOL_CONVERSION = YES;
				CLANG_WARN_COMMA = YES;
				CLANG_WARN_CONSTANT_CONVERSION = YES;
				CLANG_WARN_DEPRECATED_OBJC_IMPLEMENTATIONS = YES;
				CLANG_WARN_DIRECT_OBJC_ISA_USAGE = YES_ERROR;
				CLANG_WARN_DOCUMENTATION_COMMENTS = YES;
				CLANG_WARN_EMPTY_BODY = YES;
				CLANG_WARN_ENUM_CONVERSION = YES;
				CLANG_WARN_INFINITE_RECURSION = YES;
				CLANG_WARN_INT_CONVERSION = YES;
				CLANG_WARN_NON_LITERAL_NULL_CONVERSION = YES;
				CLANG_WARN_OBJC_IMPLICIT_RETAIN_SELF = YES;
				CLANG_WARN_OBJC_LITERAL_CONVERSION = YES;
				CLANG_WARN_OBJC_ROOT_CLASS = YES_ERROR;
				CLANG_WARN_QUOTED_INCLUDE_IN_FRAMEWORK_HEADER = YES;
				CLANG_WARN_RANGE_LOOP_ANALYSIS = YES;
				CLANG_WARN_STRICT_PROTOTYPES = YES;
				CLANG_WARN_SUSPICIOUS_MOVE = YES;
				CLANG_WARN_UNGUARDED_AVAILABILITY = YES_AGGRESSIVE;
				CLANG_WARN_UNREACHABLE_CODE = YES;
				CLANG_WARN__DUPLICATE_METHOD_MATCH = YES;
				COPY_PHASE_STRIP = NO;
				DEBUG_INFORMATION_FORMAT = "dwarf-with-dsym";
				ENABLE_NS_ASSERTIONS = NO;
				ENABLE_STRICT_OBJC_MSGSEND = YES;
				GCC_C_LANGUAGE_STANDARD = gnu11;
				GCC_NO_COMMON_BLOCKS = YES;
				GCC_WARN_64_TO_32_BIT_CONVERSION = YES;
				GCC_WARN_ABOUT_RETURN_TYPE = YES_ERROR;
				GCC_WARN_UNDECLARED_SELECTOR = YES;
				GCC_WARN_UNINITIALIZED_AUTOS = YES_AGGRESSIVE;
				GCC_WARN_UNUSED_FUNCTION = YES;
				GCC_WARN_UNUSED_VARIABLE = YES;
				IPHONEOS_DEPLOYMENT_TARGET = 15.2;
				MTL_ENABLE_DEBUG_INFO = NO;
				MTL_FAST_MATH = YES;
				SDKROOT = iphoneos;
				SWIFT_COMPILATION_MODE = wholemodule;
				SWIFT_OPTIMIZATION_LEVEL = "-O";
				VALIDATE_PRODUCT = YES;
			};
			name = Release;
		};
		CB3DF31627C5270600F5F2E4 /* Debug */ = {
			isa = XCBuildConfiguration;
			buildSettings = {
				ASSETCATALOG_COMPILER_APPICON_NAME = AppIcon;
				ASSETCATALOG_COMPILER_GLOBAL_ACCENT_COLOR_NAME = AccentColor;
				CODE_SIGN_STYLE = Automatic;
				CURRENT_PROJECT_VERSION = 1;
				DEVELOPMENT_ASSET_PATHS = "\"BitcoinPrice/Preview Content\"";
				DEVELOPMENT_TEAM = 5C55LM56SH;
				ENABLE_PREVIEWS = YES;
				GENERATE_INFOPLIST_FILE = YES;
				INFOPLIST_KEY_UIApplicationSceneManifest_Generation = YES;
				INFOPLIST_KEY_UIApplicationSupportsIndirectInputEvents = YES;
				INFOPLIST_KEY_UILaunchScreen_Generation = YES;
				INFOPLIST_KEY_UISupportedInterfaceOrientations_iPad = "UIInterfaceOrientationPortrait UIInterfaceOrientationPortraitUpsideDown UIInterfaceOrientationLandscapeLeft UIInterfaceOrientationLandscapeRight";
				INFOPLIST_KEY_UISupportedInterfaceOrientations_iPhone = "UIInterfaceOrientationPortrait UIInterfaceOrientationLandscapeLeft UIInterfaceOrientationLandscapeRight";
				LD_RUNPATH_SEARCH_PATHS = (
					"$(inherited)",
					"@executable_path/Frameworks",
				);
				MARKETING_VERSION = 1.0;
				PRODUCT_BUNDLE_IDENTIFIER = com.halbus.BitcoinPrice;
				PRODUCT_NAME = "$(TARGET_NAME)";
				SWIFT_EMIT_LOC_STRINGS = YES;
				SWIFT_VERSION = 5.0;
				TARGETED_DEVICE_FAMILY = "1,2";
			};
			name = Debug;
		};
		CB3DF31727C5270600F5F2E4 /* Release */ = {
			isa = XCBuildConfiguration;
			buildSettings = {
				ASSETCATALOG_COMPILER_APPICON_NAME = AppIcon;
				ASSETCATALOG_COMPILER_GLOBAL_ACCENT_COLOR_NAME = AccentColor;
				CODE_SIGN_STYLE = Automatic;
				CURRENT_PROJECT_VERSION = 1;
				DEVELOPMENT_ASSET_PATHS = "\"BitcoinPrice/Preview Content\"";
				DEVELOPMENT_TEAM = 5C55LM56SH;
				ENABLE_PREVIEWS = YES;
				GENERATE_INFOPLIST_FILE = YES;
				INFOPLIST_KEY_UIApplicationSceneManifest_Generation = YES;
				INFOPLIST_KEY_UIApplicationSupportsIndirectInputEvents = YES;
				INFOPLIST_KEY_UILaunchScreen_Generation = YES;
				INFOPLIST_KEY_UISupportedInterfaceOrientations_iPad = "UIInterfaceOrientationPortrait UIInterfaceOrientationPortraitUpsideDown UIInterfaceOrientationLandscapeLeft UIInterfaceOrientationLandscapeRight";
				INFOPLIST_KEY_UISupportedInterfaceOrientations_iPhone = "UIInterfaceOrientationPortrait UIInterfaceOrientationLandscapeLeft UIInterfaceOrientationLandscapeRight";
				LD_RUNPATH_SEARCH_PATHS = (
					"$(inherited)",
					"@executable_path/Frameworks",
				);
				MARKETING_VERSION = 1.0;
				PRODUCT_BUNDLE_IDENTIFIER = com.halbus.BitcoinPrice;
				PRODUCT_NAME = "$(TARGET_NAME)";
				SWIFT_EMIT_LOC_STRINGS = YES;
				SWIFT_VERSION = 5.0;
				TARGETED_DEVICE_FAMILY = "1,2";
			};
			name = Release;
		};
/* End XCBuildConfiguration section */

/* Begin XCConfigurationList section */
		CB3DF30227C5270400F5F2E4 /* Build configuration list for PBXProject "BitcoinPrice" */ = {
			isa = XCConfigurationList;
			buildConfigurations = (
				CB3DF31327C5270600F5F2E4 /* Debug */,
				CB3DF31427C5270600F5F2E4 /* Release */,
			);
			defaultConfigurationIsVisible = 0;
			defaultConfigurationName = Release;
		};
		CB3DF31527C5270600F5F2E4 /* Build configuration list for PBXNativeTarget "BitcoinPrice" */ = {
			isa = XCConfigurationList;
			buildConfigurations = (
				CB3DF31627C5270600F5F2E4 /* Debug */,
				CB3DF31727C5270600F5F2E4 /* Release */,
			);
			defaultConfigurationIsVisible = 0;
			defaultConfigurationName = Release;
		};
/* End XCConfigurationList section */
	};
	rootObject = CB3DF2FF27C5270400F5F2E4 /* Project object */;
}
